// !$*UTF8*$!
{
	archiveVersion = 1;
	classes = {
	};
	objectVersion = 56;
	objects = {

/* Begin PBXBuildFile section */
		DAC0EE812C9758A90060389B /* IOS_HackIllinoisApp.swift in Sources */ = {isa = PBXBuildFile; fileRef = DAC0EE802C9758A90060389B /* IOS_HackIllinoisApp.swift */; };
		DAC0EE832C9758A90060389B /* ContentView.swift in Sources */ = {isa = PBXBuildFile; fileRef = DAC0EE822C9758A90060389B /* ContentView.swift */; };
		DAC0EE852C9758AB0060389B /* Assets.xcassets in Resources */ = {isa = PBXBuildFile; fileRef = DAC0EE842C9758AB0060389B /* Assets.xcassets */; };
		DAC0EE882C9758AB0060389B /* Preview Assets.xcassets in Resources */ = {isa = PBXBuildFile; fileRef = DAC0EE872C9758AB0060389B /* Preview Assets.xcassets */; };
		DAC0EE922C9758AB0060389B /* IOS_HackIllinoisTests.swift in Sources */ = {isa = PBXBuildFile; fileRef = DAC0EE912C9758AB0060389B /* IOS_HackIllinoisTests.swift */; };
		DAC0EE9C2C9758AB0060389B /* IOS_HackIllinoisUITests.swift in Sources */ = {isa = PBXBuildFile; fileRef = DAC0EE9B2C9758AB0060389B /* IOS_HackIllinoisUITests.swift */; };
		DAC0EE9E2C9758AB0060389B /* IOS_HackIllinoisUITestsLaunchTests.swift in Sources */ = {isa = PBXBuildFile; fileRef = DAC0EE9D2C9758AB0060389B /* IOS_HackIllinoisUITestsLaunchTests.swift */; };
		DAC0EEB52C9766990060389B /* IOS_HackIllinoisUITests__.swift in Sources */ = {isa = PBXBuildFile; fileRef = DAC0EEB42C9766990060389B /* IOS_HackIllinoisUITests__.swift */; };
		DAC0EEB72C9766990060389B /* IOS_HackIllinoisUITests__LaunchTests.swift in Sources */ = {isa = PBXBuildFile; fileRef = DAC0EEB62C9766990060389B /* IOS_HackIllinoisUITests__LaunchTests.swift */; };
/* End PBXBuildFile section */

/* Begin PBXContainerItemProxy section */
		DAC0EE8E2C9758AB0060389B /* PBXContainerItemProxy */ = {
			isa = PBXContainerItemProxy;
			containerPortal = DAC0EE752C9758A90060389B /* Project object */;
			proxyType = 1;
			remoteGlobalIDString = DAC0EE7C2C9758A90060389B;
			remoteInfo = "IOS HackIllinois";
		};
		DAC0EE982C9758AB0060389B /* PBXContainerItemProxy */ = {
			isa = PBXContainerItemProxy;
			containerPortal = DAC0EE752C9758A90060389B /* Project object */;
			proxyType = 1;
			remoteGlobalIDString = DAC0EE7C2C9758A90060389B;
			remoteInfo = "IOS HackIllinois";
		};
		DAC0EEB82C9766990060389B /* PBXContainerItemProxy */ = {
			isa = PBXContainerItemProxy;
			containerPortal = DAC0EE752C9758A90060389B /* Project object */;
			proxyType = 1;
			remoteGlobalIDString = DAC0EE7C2C9758A90060389B;
			remoteInfo = "IOS HackIllinois";
		};
/* End PBXContainerItemProxy section */

/* Begin PBXFileReference section */
		DAC0EE7D2C9758A90060389B /* IOS HackIllinois.app */ = {isa = PBXFileReference; explicitFileType = wrapper.application; includeInIndex = 0; path = "IOS HackIllinois.app"; sourceTree = BUILT_PRODUCTS_DIR; };
		DAC0EE802C9758A90060389B /* IOS_HackIllinoisApp.swift */ = {isa = PBXFileReference; lastKnownFileType = sourcecode.swift; path = IOS_HackIllinoisApp.swift; sourceTree = "<group>"; };
		DAC0EE822C9758A90060389B /* ContentView.swift */ = {isa = PBXFileReference; lastKnownFileType = sourcecode.swift; path = ContentView.swift; sourceTree = "<group>"; };
		DAC0EE842C9758AB0060389B /* Assets.xcassets */ = {isa = PBXFileReference; lastKnownFileType = folder.assetcatalog; path = Assets.xcassets; sourceTree = "<group>"; };
		DAC0EE872C9758AB0060389B /* Preview Assets.xcassets */ = {isa = PBXFileReference; lastKnownFileType = folder.assetcatalog; path = "Preview Assets.xcassets"; sourceTree = "<group>"; };
		DAC0EE8D2C9758AB0060389B /* IOS HackIllinoisTests.xctest */ = {isa = PBXFileReference; explicitFileType = wrapper.cfbundle; includeInIndex = 0; path = "IOS HackIllinoisTests.xctest"; sourceTree = BUILT_PRODUCTS_DIR; };
		DAC0EE912C9758AB0060389B /* IOS_HackIllinoisTests.swift */ = {isa = PBXFileReference; lastKnownFileType = sourcecode.swift; path = IOS_HackIllinoisTests.swift; sourceTree = "<group>"; };
		DAC0EE972C9758AB0060389B /* IOS HackIllinoisUITests.xctest */ = {isa = PBXFileReference; explicitFileType = wrapper.cfbundle; includeInIndex = 0; path = "IOS HackIllinoisUITests.xctest"; sourceTree = BUILT_PRODUCTS_DIR; };
		DAC0EE9B2C9758AB0060389B /* IOS_HackIllinoisUITests.swift */ = {isa = PBXFileReference; lastKnownFileType = sourcecode.swift; path = IOS_HackIllinoisUITests.swift; sourceTree = "<group>"; };
		DAC0EE9D2C9758AB0060389B /* IOS_HackIllinoisUITestsLaunchTests.swift */ = {isa = PBXFileReference; lastKnownFileType = sourcecode.swift; path = IOS_HackIllinoisUITestsLaunchTests.swift; sourceTree = "<group>"; };
		DAC0EEB22C9766990060389B /* IOS HackIllinoisUITests -.xctest */ = {isa = PBXFileReference; explicitFileType = wrapper.cfbundle; includeInIndex = 0; path = "IOS HackIllinoisUITests -.xctest"; sourceTree = BUILT_PRODUCTS_DIR; };
		DAC0EEB42C9766990060389B /* IOS_HackIllinoisUITests__.swift */ = {isa = PBXFileReference; lastKnownFileType = sourcecode.swift; path = IOS_HackIllinoisUITests__.swift; sourceTree = "<group>"; };
		DAC0EEB62C9766990060389B /* IOS_HackIllinoisUITests__LaunchTests.swift */ = {isa = PBXFileReference; lastKnownFileType = sourcecode.swift; path = IOS_HackIllinoisUITests__LaunchTests.swift; sourceTree = "<group>"; };
/* End PBXFileReference section */

/* Begin PBXFrameworksBuildPhase section */
		DAC0EE7A2C9758A90060389B /* Frameworks */ = {
			isa = PBXFrameworksBuildPhase;
			buildActionMask = 2147483647;
			files = (
			);
			runOnlyForDeploymentPostprocessing = 0;
		};
		DAC0EE8A2C9758AB0060389B /* Frameworks */ = {
			isa = PBXFrameworksBuildPhase;
			buildActionMask = 2147483647;
			files = (
			);
			runOnlyForDeploymentPostprocessing = 0;
		};
		DAC0EE942C9758AB0060389B /* Frameworks */ = {
			isa = PBXFrameworksBuildPhase;
			buildActionMask = 2147483647;
			files = (
			);
			runOnlyForDeploymentPostprocessing = 0;
		};
		DAC0EEAF2C9766990060389B /* Frameworks */ = {
			isa = PBXFrameworksBuildPhase;
			buildActionMask = 2147483647;
			files = (
			);
			runOnlyForDeploymentPostprocessing = 0;
		};
/* End PBXFrameworksBuildPhase section */

/* Begin PBXGroup section */
		DAC0EE742C9758A90060389B = {
			isa = PBXGroup;
			children = (
				DAC0EE7F2C9758A90060389B /* IOS HackIllinois */,
				DAC0EE902C9758AB0060389B /* IOS HackIllinoisTests */,
				DAC0EE9A2C9758AB0060389B /* IOS HackIllinoisUITests */,
				DAC0EEB32C9766990060389B /* IOS HackIllinoisUITests - */,
				DAC0EE7E2C9758A90060389B /* Products */,
			);
			sourceTree = "<group>";
		};
		DAC0EE7E2C9758A90060389B /* Products */ = {
			isa = PBXGroup;
			children = (
				DAC0EE7D2C9758A90060389B /* IOS HackIllinois.app */,
				DAC0EE8D2C9758AB0060389B /* IOS HackIllinoisTests.xctest */,
				DAC0EE972C9758AB0060389B /* IOS HackIllinoisUITests.xctest */,
				DAC0EEB22C9766990060389B /* IOS HackIllinoisUITests -.xctest */,
			);
			name = Products;
			sourceTree = "<group>";
		};
		DAC0EE7F2C9758A90060389B /* IOS HackIllinois */ = {
			isa = PBXGroup;
			children = (
				DAC0EE802C9758A90060389B /* IOS_HackIllinoisApp.swift */,
				DAC0EE822C9758A90060389B /* ContentView.swift */,
				DAC0EE842C9758AB0060389B /* Assets.xcassets */,
				DAC0EE862C9758AB0060389B /* Preview Content */,
			);
			path = "IOS HackIllinois";
			sourceTree = "<group>";
		};
		DAC0EE862C9758AB0060389B /* Preview Content */ = {
			isa = PBXGroup;
			children = (
				DAC0EE872C9758AB0060389B /* Preview Assets.xcassets */,
			);
			path = "Preview Content";
			sourceTree = "<group>";
		};
		DAC0EE902C9758AB0060389B /* IOS HackIllinoisTests */ = {
			isa = PBXGroup;
			children = (
				DAC0EE912C9758AB0060389B /* IOS_HackIllinoisTests.swift */,
			);
			path = "IOS HackIllinoisTests";
			sourceTree = "<group>";
		};
		DAC0EE9A2C9758AB0060389B /* IOS HackIllinoisUITests */ = {
			isa = PBXGroup;
			children = (
				DAC0EE9B2C9758AB0060389B /* IOS_HackIllinoisUITests.swift */,
				DAC0EE9D2C9758AB0060389B /* IOS_HackIllinoisUITestsLaunchTests.swift */,
			);
			path = "IOS HackIllinoisUITests";
			sourceTree = "<group>";
		};
		DAC0EEB32C9766990060389B /* IOS HackIllinoisUITests - */ = {
			isa = PBXGroup;
			children = (
				DAC0EEB42C9766990060389B /* IOS_HackIllinoisUITests__.swift */,
				DAC0EEB62C9766990060389B /* IOS_HackIllinoisUITests__LaunchTests.swift */,
			);
			path = "IOS HackIllinoisUITests -";
			sourceTree = "<group>";
		};
/* End PBXGroup section */

/* Begin PBXNativeTarget section */
		DAC0EE7C2C9758A90060389B /* IOS HackIllinois */ = {
			isa = PBXNativeTarget;
			buildConfigurationList = DAC0EEA12C9758AB0060389B /* Build configuration list for PBXNativeTarget "IOS HackIllinois" */;
			buildPhases = (
				DAC0EE792C9758A90060389B /* Sources */,
				DAC0EE7A2C9758A90060389B /* Frameworks */,
				DAC0EE7B2C9758A90060389B /* Resources */,
			);
			buildRules = (
			);
			dependencies = (
			);
			name = "IOS HackIllinois";
			productName = "IOS HackIllinois";
			productReference = DAC0EE7D2C9758A90060389B /* IOS HackIllinois.app */;
			productType = "com.apple.product-type.application";
		};
		DAC0EE8C2C9758AB0060389B /* IOS HackIllinoisTests */ = {
			isa = PBXNativeTarget;
			buildConfigurationList = DAC0EEA42C9758AB0060389B /* Build configuration list for PBXNativeTarget "IOS HackIllinoisTests" */;
			buildPhases = (
				DAC0EE892C9758AB0060389B /* Sources */,
				DAC0EE8A2C9758AB0060389B /* Frameworks */,
				DAC0EE8B2C9758AB0060389B /* Resources */,
			);
			buildRules = (
			);
			dependencies = (
				DAC0EE8F2C9758AB0060389B /* PBXTargetDependency */,
			);
			name = "IOS HackIllinoisTests";
			productName = "IOS HackIllinoisTests";
			productReference = DAC0EE8D2C9758AB0060389B /* IOS HackIllinoisTests.xctest */;
			productType = "com.apple.product-type.bundle.unit-test";
		};
		DAC0EE962C9758AB0060389B /* IOS HackIllinoisUITests */ = {
			isa = PBXNativeTarget;
			buildConfigurationList = DAC0EEA72C9758AB0060389B /* Build configuration list for PBXNativeTarget "IOS HackIllinoisUITests" */;
			buildPhases = (
				DAC0EE932C9758AB0060389B /* Sources */,
				DAC0EE942C9758AB0060389B /* Frameworks */,
				DAC0EE952C9758AB0060389B /* Resources */,
			);
			buildRules = (
			);
			dependencies = (
				DAC0EE992C9758AB0060389B /* PBXTargetDependency */,
			);
			name = "IOS HackIllinoisUITests";
			productName = "IOS HackIllinoisUITests";
			productReference = DAC0EE972C9758AB0060389B /* IOS HackIllinoisUITests.xctest */;
			productType = "com.apple.product-type.bundle.ui-testing";
		};
		DAC0EEB12C9766990060389B /* IOS HackIllinoisUITests - */ = {
			isa = PBXNativeTarget;
			buildConfigurationList = DAC0EEBA2C9766990060389B /* Build configuration list for PBXNativeTarget "IOS HackIllinoisUITests -" */;
			buildPhases = (
				DAC0EEAE2C9766990060389B /* Sources */,
				DAC0EEAF2C9766990060389B /* Frameworks */,
				DAC0EEB02C9766990060389B /* Resources */,
			);
			buildRules = (
			);
			dependencies = (
				DAC0EEB92C9766990060389B /* PBXTargetDependency */,
			);
			name = "IOS HackIllinoisUITests -";
			productName = "IOS HackIllinoisUITests -";
			productReference = DAC0EEB22C9766990060389B /* IOS HackIllinoisUITests -.xctest */;
			productType = "com.apple.product-type.bundle.ui-testing";
		};
/* End PBXNativeTarget section */

/* Begin PBXProject section */
		DAC0EE752C9758A90060389B /* Project object */ = {
			isa = PBXProject;
			attributes = {
				BuildIndependentTargetsInParallel = 1;
				LastSwiftUpdateCheck = 1540;
				LastUpgradeCheck = 1540;
				TargetAttributes = {
					DAC0EE7C2C9758A90060389B = {
						CreatedOnToolsVersion = 15.4;
					};
					DAC0EE8C2C9758AB0060389B = {
						CreatedOnToolsVersion = 15.4;
						TestTargetID = DAC0EE7C2C9758A90060389B;
					};
					DAC0EE962C9758AB0060389B = {
						CreatedOnToolsVersion = 15.4;
						TestTargetID = DAC0EE7C2C9758A90060389B;
					};
					DAC0EEB12C9766990060389B = {
						CreatedOnToolsVersion = 15.4;
						TestTargetID = DAC0EE7C2C9758A90060389B;
					};
				};
			};
			buildConfigurationList = DAC0EE782C9758A90060389B /* Build configuration list for PBXProject "IOS HackIllinois" */;
			compatibilityVersion = "Xcode 14.0";
			developmentRegion = en;
			hasScannedForEncodings = 0;
			knownRegions = (
				en,
				Base,
			);
			mainGroup = DAC0EE742C9758A90060389B;
			productRefGroup = DAC0EE7E2C9758A90060389B /* Products */;
			projectDirPath = "";
			projectRoot = "";
			targets = (
				DAC0EE7C2C9758A90060389B /* IOS HackIllinois */,
				DAC0EE8C2C9758AB0060389B /* IOS HackIllinoisTests */,
				DAC0EE962C9758AB0060389B /* IOS HackIllinoisUITests */,
				DAC0EEB12C9766990060389B /* IOS HackIllinoisUITests - */,
			);
		};
/* End PBXProject section */

/* Begin PBXResourcesBuildPhase section */
		DAC0EE7B2C9758A90060389B /* Resources */ = {
			isa = PBXResourcesBuildPhase;
			buildActionMask = 2147483647;
			files = (
				DAC0EE882C9758AB0060389B /* Preview Assets.xcassets in Resources */,
				DAC0EE852C9758AB0060389B /* Assets.xcassets in Resources */,
			);
			runOnlyForDeploymentPostprocessing = 0;
		};
		DAC0EE8B2C9758AB0060389B /* Resources */ = {
			isa = PBXResourcesBuildPhase;
			buildActionMask = 2147483647;
			files = (
			);
			runOnlyForDeploymentPostprocessing = 0;
		};
		DAC0EE952C9758AB0060389B /* Resources */ = {
			isa = PBXResourcesBuildPhase;
			buildActionMask = 2147483647;
			files = (
			);
			runOnlyForDeploymentPostprocessing = 0;
		};
		DAC0EEB02C9766990060389B /* Resources */ = {
			isa = PBXResourcesBuildPhase;
			buildActionMask = 2147483647;
			files = (
			);
			runOnlyForDeploymentPostprocessing = 0;
		};
/* End PBXResourcesBuildPhase section */

/* Begin PBXSourcesBuildPhase section */
		DAC0EE792C9758A90060389B /* Sources */ = {
			isa = PBXSourcesBuildPhase;
			buildActionMask = 2147483647;
			files = (
				DAC0EE832C9758A90060389B /* ContentView.swift in Sources */,
				DAC0EE812C9758A90060389B /* IOS_HackIllinoisApp.swift in Sources */,
			);
			runOnlyForDeploymentPostprocessing = 0;
		};
		DAC0EE892C9758AB0060389B /* Sources */ = {
			isa = PBXSourcesBuildPhase;
			buildActionMask = 2147483647;
			files = (
				DAC0EE922C9758AB0060389B /* IOS_HackIllinoisTests.swift in Sources */,
			);
			runOnlyForDeploymentPostprocessing = 0;
		};
		DAC0EE932C9758AB0060389B /* Sources */ = {
			isa = PBXSourcesBuildPhase;
			buildActionMask = 2147483647;
			files = (
				DAC0EE9E2C9758AB0060389B /* IOS_HackIllinoisUITestsLaunchTests.swift in Sources */,
				DAC0EE9C2C9758AB0060389B /* IOS_HackIllinoisUITests.swift in Sources */,
			);
			runOnlyForDeploymentPostprocessing = 0;
		};
		DAC0EEAE2C9766990060389B /* Sources */ = {
			isa = PBXSourcesBuildPhase;
			buildActionMask = 2147483647;
			files = (
				DAC0EEB72C9766990060389B /* IOS_HackIllinoisUITests__LaunchTests.swift in Sources */,
				DAC0EEB52C9766990060389B /* IOS_HackIllinoisUITests__.swift in Sources */,
			);
			runOnlyForDeploymentPostprocessing = 0;
		};
/* End PBXSourcesBuildPhase section */

/* Begin PBXTargetDependency section */
		DAC0EE8F2C9758AB0060389B /* PBXTargetDependency */ = {
			isa = PBXTargetDependency;
			target = DAC0EE7C2C9758A90060389B /* IOS HackIllinois */;
			targetProxy = DAC0EE8E2C9758AB0060389B /* PBXContainerItemProxy */;
		};
		DAC0EE992C9758AB0060389B /* PBXTargetDependency */ = {
			isa = PBXTargetDependency;
			target = DAC0EE7C2C9758A90060389B /* IOS HackIllinois */;
			targetProxy = DAC0EE982C9758AB0060389B /* PBXContainerItemProxy */;
		};
		DAC0EEB92C9766990060389B /* PBXTargetDependency */ = {
			isa = PBXTargetDependency;
			target = DAC0EE7C2C9758A90060389B /* IOS HackIllinois */;
			targetProxy = DAC0EEB82C9766990060389B /* PBXContainerItemProxy */;
		};
/* End PBXTargetDependency section */

/* Begin XCBuildConfiguration section */
		DAC0EE9F2C9758AB0060389B /* Debug */ = {
			isa = XCBuildConfiguration;
			buildSettings = {
				ALWAYS_SEARCH_USER_PATHS = NO;
				ASSETCATALOG_COMPILER_GENERATE_SWIFT_ASSET_SYMBOL_EXTENSIONS = YES;
				CLANG_ANALYZER_NONNULL = YES;
				CLANG_ANALYZER_NUMBER_OBJECT_CONVERSION = YES_AGGRESSIVE;
				CLANG_CXX_LANGUAGE_STANDARD = "gnu++20";
				CLANG_ENABLE_MODULES = YES;
				CLANG_ENABLE_OBJC_ARC = YES;
				CLANG_ENABLE_OBJC_WEAK = YES;
				CLANG_WARN_BLOCK_CAPTURE_AUTORELEASING = YES;
				CLANG_WARN_BOOL_CONVERSION = YES;
				CLANG_WARN_COMMA = YES;
				CLANG_WARN_CONSTANT_CONVERSION = YES;
				CLANG_WARN_DEPRECATED_OBJC_IMPLEMENTATIONS = YES;
				CLANG_WARN_DIRECT_OBJC_ISA_USAGE = YES_ERROR;
				CLANG_WARN_DOCUMENTATION_COMMENTS = YES;
				CLANG_WARN_EMPTY_BODY = YES;
				CLANG_WARN_ENUM_CONVERSION = YES;
				CLANG_WARN_INFINITE_RECURSION = YES;
				CLANG_WARN_INT_CONVERSION = YES;
				CLANG_WARN_NON_LITERAL_NULL_CONVERSION = YES;
				CLANG_WARN_OBJC_IMPLICIT_RETAIN_SELF = YES;
				CLANG_WARN_OBJC_LITERAL_CONVERSION = YES;
				CLANG_WARN_OBJC_ROOT_CLASS = YES_ERROR;
				CLANG_WARN_QUOTED_INCLUDE_IN_FRAMEWORK_HEADER = YES;
				CLANG_WARN_RANGE_LOOP_ANALYSIS = YES;
				CLANG_WARN_STRICT_PROTOTYPES = YES;
				CLANG_WARN_SUSPICIOUS_MOVE = YES;
				CLANG_WARN_UNGUARDED_AVAILABILITY = YES_AGGRESSIVE;
				CLANG_WARN_UNREACHABLE_CODE = YES;
				CLANG_WARN__DUPLICATE_METHOD_MATCH = YES;
				COPY_PHASE_STRIP = NO;
				DEBUG_INFORMATION_FORMAT = dwarf;
				ENABLE_STRICT_OBJC_MSGSEND = YES;
				ENABLE_TESTABILITY = YES;
				ENABLE_USER_SCRIPT_SANDBOXING = YES;
				GCC_C_LANGUAGE_STANDARD = gnu17;
				GCC_DYNAMIC_NO_PIC = NO;
				GCC_NO_COMMON_BLOCKS = YES;
				GCC_OPTIMIZATION_LEVEL = 0;
				GCC_PREPROCESSOR_DEFINITIONS = (
					"DEBUG=1",
					"$(inherited)",
				);
				GCC_WARN_64_TO_32_BIT_CONVERSION = YES;
				GCC_WARN_ABOUT_RETURN_TYPE = YES_ERROR;
				GCC_WARN_UNDECLARED_SELECTOR = YES;
				GCC_WARN_UNINITIALIZED_AUTOS = YES_AGGRESSIVE;
				GCC_WARN_UNUSED_FUNCTION = YES;
				GCC_WARN_UNUSED_VARIABLE = YES;
				IPHONEOS_DEPLOYMENT_TARGET = 17.5;
				LOCALIZATION_PREFERS_STRING_CATALOGS = YES;
				MTL_ENABLE_DEBUG_INFO = INCLUDE_SOURCE;
				MTL_FAST_MATH = YES;
				ONLY_ACTIVE_ARCH = YES;
				SDKROOT = iphoneos;
				SWIFT_ACTIVE_COMPILATION_CONDITIONS = "DEBUG $(inherited)";
				SWIFT_OPTIMIZATION_LEVEL = "-Onone";
			};
			name = Debug;
		};
		DAC0EEA02C9758AB0060389B /* Release */ = {
			isa = XCBuildConfiguration;
			buildSettings = {
				ALWAYS_SEARCH_USER_PATHS = NO;
				ASSETCATALOG_COMPILER_GENERATE_SWIFT_ASSET_SYMBOL_EXTENSIONS = YES;
				CLANG_ANALYZER_NONNULL = YES;
				CLANG_ANALYZER_NUMBER_OBJECT_CONVERSION = YES_AGGRESSIVE;
				CLANG_CXX_LANGUAGE_STANDARD = "gnu++20";
				CLANG_ENABLE_MODULES = YES;
				CLANG_ENABLE_OBJC_ARC = YES;
				CLANG_ENABLE_OBJC_WEAK = YES;
				CLANG_WARN_BLOCK_CAPTURE_AUTORELEASING = YES;
				CLANG_WARN_BOOL_CONVERSION = YES;
				CLANG_WARN_COMMA = YES;
				CLANG_WARN_CONSTANT_CONVERSION = YES;
				CLANG_WARN_DEPRECATED_OBJC_IMPLEMENTATIONS = YES;
				CLANG_WARN_DIRECT_OBJC_ISA_USAGE = YES_ERROR;
				CLANG_WARN_DOCUMENTATION_COMMENTS = YES;
				CLANG_WARN_EMPTY_BODY = YES;
				CLANG_WARN_ENUM_CONVERSION = YES;
				CLANG_WARN_INFINITE_RECURSION = YES;
				CLANG_WARN_INT_CONVERSION = YES;
				CLANG_WARN_NON_LITERAL_NULL_CONVERSION = YES;
				CLANG_WARN_OBJC_IMPLICIT_RETAIN_SELF = YES;
				CLANG_WARN_OBJC_LITERAL_CONVERSION = YES;
				CLANG_WARN_OBJC_ROOT_CLASS = YES_ERROR;
				CLANG_WARN_QUOTED_INCLUDE_IN_FRAMEWORK_HEADER = YES;
				CLANG_WARN_RANGE_LOOP_ANALYSIS = YES;
				CLANG_WARN_STRICT_PROTOTYPES = YES;
				CLANG_WARN_SUSPICIOUS_MOVE = YES;
				CLANG_WARN_UNGUARDED_AVAILABILITY = YES_AGGRESSIVE;
				CLANG_WARN_UNREACHABLE_CODE = YES;
				CLANG_WARN__DUPLICATE_METHOD_MATCH = YES;
				COPY_PHASE_STRIP = NO;
				DEBUG_INFORMATION_FORMAT = "dwarf-with-dsym";
				ENABLE_NS_ASSERTIONS = NO;
				ENABLE_STRICT_OBJC_MSGSEND = YES;
				ENABLE_USER_SCRIPT_SANDBOXING = YES;
				GCC_C_LANGUAGE_STANDARD = gnu17;
				GCC_NO_COMMON_BLOCKS = YES;
				GCC_WARN_64_TO_32_BIT_CONVERSION = YES;
				GCC_WARN_ABOUT_RETURN_TYPE = YES_ERROR;
				GCC_WARN_UNDECLARED_SELECTOR = YES;
				GCC_WARN_UNINITIALIZED_AUTOS = YES_AGGRESSIVE;
				GCC_WARN_UNUSED_FUNCTION = YES;
				GCC_WARN_UNUSED_VARIABLE = YES;
				IPHONEOS_DEPLOYMENT_TARGET = 17.5;
				LOCALIZATION_PREFERS_STRING_CATALOGS = YES;
				MTL_ENABLE_DEBUG_INFO = NO;
				MTL_FAST_MATH = YES;
				SDKROOT = iphoneos;
				SWIFT_COMPILATION_MODE = wholemodule;
				VALIDATE_PRODUCT = YES;
			};
			name = Release;
		};
		DAC0EEA22C9758AB0060389B /* Debug */ = {
			isa = XCBuildConfiguration;
			buildSettings = {
				ASSETCATALOG_COMPILER_APPICON_NAME = AppIcon;
				ASSETCATALOG_COMPILER_GLOBAL_ACCENT_COLOR_NAME = AccentColor;
				CODE_SIGN_STYLE = Automatic;
				CURRENT_PROJECT_VERSION = 1;
				DEVELOPMENT_ASSET_PATHS = "\"IOS HackIllinois/Preview Content\"";
				DEVELOPMENT_TEAM = 2Z6LM9KZBC;
				ENABLE_PREVIEWS = YES;
				GENERATE_INFOPLIST_FILE = YES;
				INFOPLIST_KEY_UIApplicationSceneManifest_Generation = YES;
				INFOPLIST_KEY_UIApplicationSupportsIndirectInputEvents = YES;
				INFOPLIST_KEY_UILaunchScreen_Generation = YES;
				INFOPLIST_KEY_UISupportedInterfaceOrientations_iPad = "UIInterfaceOrientationPortrait UIInterfaceOrientationPortraitUpsideDown UIInterfaceOrientationLandscapeLeft UIInterfaceOrientationLandscapeRight";
				INFOPLIST_KEY_UISupportedInterfaceOrientations_iPhone = "UIInterfaceOrientationPortrait UIInterfaceOrientationLandscapeLeft UIInterfaceOrientationLandscapeRight";
				LD_RUNPATH_SEARCH_PATHS = (
					"$(inherited)",
					"@executable_path/Frameworks",
				);
				MARKETING_VERSION = 1.0;
				PRODUCT_BUNDLE_IDENTIFIER = "HackIllinois.IOS-HackIllinois";
				PRODUCT_NAME = "$(TARGET_NAME)";
				SWIFT_EMIT_LOC_STRINGS = YES;
				SWIFT_VERSION = 5.0;
				TARGETED_DEVICE_FAMILY = "1,2";
			};
			name = Debug;
		};
		DAC0EEA32C9758AB0060389B /* Release */ = {
			isa = XCBuildConfiguration;
			buildSettings = {
				ASSETCATALOG_COMPILER_APPICON_NAME = AppIcon;
				ASSETCATALOG_COMPILER_GLOBAL_ACCENT_COLOR_NAME = AccentColor;
				CODE_SIGN_STYLE = Automatic;
				CURRENT_PROJECT_VERSION = 1;
				DEVELOPMENT_ASSET_PATHS = "\"IOS HackIllinois/Preview Content\"";
				DEVELOPMENT_TEAM = 2Z6LM9KZBC;
				ENABLE_PREVIEWS = YES;
				GENERATE_INFOPLIST_FILE = YES;
				INFOPLIST_KEY_UIApplicationSceneManifest_Generation = YES;
				INFOPLIST_KEY_UIApplicationSupportsIndirectInputEvents = YES;
				INFOPLIST_KEY_UILaunchScreen_Generation = YES;
				INFOPLIST_KEY_UISupportedInterfaceOrientations_iPad = "UIInterfaceOrientationPortrait UIInterfaceOrientationPortraitUpsideDown UIInterfaceOrientationLandscapeLeft UIInterfaceOrientationLandscapeRight";
				INFOPLIST_KEY_UISupportedInterfaceOrientations_iPhone = "UIInterfaceOrientationPortrait UIInterfaceOrientationLandscapeLeft UIInterfaceOrientationLandscapeRight";
				LD_RUNPATH_SEARCH_PATHS = (
					"$(inherited)",
					"@executable_path/Frameworks",
				);
				MARKETING_VERSION = 1.0;
				PRODUCT_BUNDLE_IDENTIFIER = "HackIllinois.IOS-HackIllinois";
				PRODUCT_NAME = "$(TARGET_NAME)";
				SWIFT_EMIT_LOC_STRINGS = YES;
				SWIFT_VERSION = 5.0;
				TARGETED_DEVICE_FAMILY = "1,2";
			};
			name = Release;
		};
		DAC0EEA52C9758AB0060389B /* Debug */ = {
			isa = XCBuildConfiguration;
			buildSettings = {
				ALWAYS_EMBED_SWIFT_STANDARD_LIBRARIES = YES;
				BUNDLE_LOADER = "$(TEST_HOST)";
				CODE_SIGN_STYLE = Automatic;
				CURRENT_PROJECT_VERSION = 1;
				GENERATE_INFOPLIST_FILE = YES;
				IPHONEOS_DEPLOYMENT_TARGET = 17.5;
				MARKETING_VERSION = 1.0;
				PRODUCT_BUNDLE_IDENTIFIER = "HackIllinois.IOS-HackIllinoisTests";
				PRODUCT_NAME = "$(TARGET_NAME)";
				SWIFT_EMIT_LOC_STRINGS = NO;
				SWIFT_VERSION = 5.0;
				TARGETED_DEVICE_FAMILY = "1,2";
				TEST_HOST = "$(BUILT_PRODUCTS_DIR)/IOS HackIllinois.app/$(BUNDLE_EXECUTABLE_FOLDER_PATH)/IOS HackIllinois";
			};
			name = Debug;
		};
		DAC0EEA62C9758AB0060389B /* Release */ = {
			isa = XCBuildConfiguration;
			buildSettings = {
				ALWAYS_EMBED_SWIFT_STANDARD_LIBRARIES = YES;
				BUNDLE_LOADER = "$(TEST_HOST)";
				CODE_SIGN_STYLE = Automatic;
				CURRENT_PROJECT_VERSION = 1;
				GENERATE_INFOPLIST_FILE = YES;
				IPHONEOS_DEPLOYMENT_TARGET = 17.5;
				MARKETING_VERSION = 1.0;
				PRODUCT_BUNDLE_IDENTIFIER = "HackIllinois.IOS-HackIllinoisTests";
				PRODUCT_NAME = "$(TARGET_NAME)";
				SWIFT_EMIT_LOC_STRINGS = NO;
				SWIFT_VERSION = 5.0;
				TARGETED_DEVICE_FAMILY = "1,2";
				TEST_HOST = "$(BUILT_PRODUCTS_DIR)/IOS HackIllinois.app/$(BUNDLE_EXECUTABLE_FOLDER_PATH)/IOS HackIllinois";
			};
			name = Release;
		};
		DAC0EEA82C9758AB0060389B /* Debug */ = {
			isa = XCBuildConfiguration;
			buildSettings = {
				ALWAYS_EMBED_SWIFT_STANDARD_LIBRARIES = YES;
				CODE_SIGN_STYLE = Automatic;
				CURRENT_PROJECT_VERSION = 1;
				GENERATE_INFOPLIST_FILE = YES;
				MARKETING_VERSION = 1.0;
				PRODUCT_BUNDLE_IDENTIFIER = "HackIllinois.IOS-HackIllinoisUITests";
				PRODUCT_NAME = "$(TARGET_NAME)";
				SWIFT_EMIT_LOC_STRINGS = NO;
				SWIFT_VERSION = 5.0;
				TARGETED_DEVICE_FAMILY = "1,2";
				TEST_TARGET_NAME = "IOS HackIllinois";
			};
			name = Debug;
		};
		DAC0EEA92C9758AB0060389B /* Release */ = {
			isa = XCBuildConfiguration;
			buildSettings = {
				ALWAYS_EMBED_SWIFT_STANDARD_LIBRARIES = YES;
				CODE_SIGN_STYLE = Automatic;
				CURRENT_PROJECT_VERSION = 1;
				GENERATE_INFOPLIST_FILE = YES;
				MARKETING_VERSION = 1.0;
				PRODUCT_BUNDLE_IDENTIFIER = "HackIllinois.IOS-HackIllinoisUITests";
				PRODUCT_NAME = "$(TARGET_NAME)";
				SWIFT_EMIT_LOC_STRINGS = NO;
				SWIFT_VERSION = 5.0;
				TARGETED_DEVICE_FAMILY = "1,2";
				TEST_TARGET_NAME = "IOS HackIllinois";
			};
			name = Release;
		};
		DAC0EEBB2C9766990060389B /* Debug */ = {
			isa = XCBuildConfiguration;
			buildSettings = {
				CODE_SIGN_STYLE = Automatic;
				CURRENT_PROJECT_VERSION = 1;
				GENERATE_INFOPLIST_FILE = YES;
				MARKETING_VERSION = 1.0;
				PRODUCT_BUNDLE_IDENTIFIER = "HackIllinois.IOS-HackIllinoisUITests--";
				PRODUCT_NAME = "$(TARGET_NAME)";
				SWIFT_EMIT_LOC_STRINGS = NO;
				SWIFT_VERSION = 5.0;
				TARGETED_DEVICE_FAMILY = "1,2";
				TEST_TARGET_NAME = "IOS HackIllinois";
			};
			name = Debug;
		};
		DAC0EEBC2C9766990060389B /* Release */ = {
			isa = XCBuildConfiguration;
			buildSettings = {
				CODE_SIGN_STYLE = Automatic;
				CURRENT_PROJECT_VERSION = 1;
				GENERATE_INFOPLIST_FILE = YES;
				MARKETING_VERSION = 1.0;
				PRODUCT_BUNDLE_IDENTIFIER = "HackIllinois.IOS-HackIllinoisUITests--";
				PRODUCT_NAME = "$(TARGET_NAME)";
				SWIFT_EMIT_LOC_STRINGS = NO;
				SWIFT_VERSION = 5.0;
				TARGETED_DEVICE_FAMILY = "1,2";
				TEST_TARGET_NAME = "IOS HackIllinois";
			};
			name = Release;
		};
/* End XCBuildConfiguration section */

/* Begin XCConfigurationList section */
		DAC0EE782C9758A90060389B /* Build configuration list for PBXProject "IOS HackIllinois" */ = {
			isa = XCConfigurationList;
			buildConfigurations = (
				DAC0EE9F2C9758AB0060389B /* Debug */,
				DAC0EEA02C9758AB0060389B /* Release */,
			);
			defaultConfigurationIsVisible = 0;
			defaultConfigurationName = Release;
		};
		DAC0EEA12C9758AB0060389B /* Build configuration list for PBXNativeTarget "IOS HackIllinois" */ = {
			isa = XCConfigurationList;
			buildConfigurations = (
				DAC0EEA22C9758AB0060389B /* Debug */,
				DAC0EEA32C9758AB0060389B /* Release */,
			);
			defaultConfigurationIsVisible = 0;
			defaultConfigurationName = Release;
		};
		DAC0EEA42C9758AB0060389B /* Build configuration list for PBXNativeTarget "IOS HackIllinoisTests" */ = {
			isa = XCConfigurationList;
			buildConfigurations = (
				DAC0EEA52C9758AB0060389B /* Debug */,
				DAC0EEA62C9758AB0060389B /* Release */,
			);
			defaultConfigurationIsVisible = 0;
			defaultConfigurationName = Release;
		};
		DAC0EEA72C9758AB0060389B /* Build configuration list for PBXNativeTarget "IOS HackIllinoisUITests" */ = {
			isa = XCConfigurationList;
			buildConfigurations = (
				DAC0EEA82C9758AB0060389B /* Debug */,
				DAC0EEA92C9758AB0060389B /* Release */,
			);
			defaultConfigurationIsVisible = 0;
			defaultConfigurationName = Release;
		};
		DAC0EEBA2C9766990060389B /* Build configuration list for PBXNativeTarget "IOS HackIllinoisUITests -" */ = {
			isa = XCConfigurationList;
			buildConfigurations = (
				DAC0EEBB2C9766990060389B /* Debug */,
				DAC0EEBC2C9766990060389B /* Release */,
			);
			defaultConfigurationIsVisible = 0;
			defaultConfigurationName = Release;
		};
/* End XCConfigurationList section */
	};
	rootObject = DAC0EE752C9758A90060389B /* Project object */;
}
